
Microsoft Visual Studio Solution File, Format Version 12.00
# Visual Studio Version 17
VisualStudioVersion = 17.14.37614.0 d17.14
MinimumVisualStudioVersion = 10.0.40219.1
Project("{FAE04EC0-301F-11D3-BF4B-00C04F79EFBC}") = "PR1OOP", "PR1OOP\PR1OOP.csproj", "{A128B17E-B8CF-4A0C-8FA4-D0118AC50AA8}"
EndProject
Global
	GlobalSection(SolutionConfigurationPlatforms) = preSolution
		Debug|Any CPU = Debug|Any CPU
		Release|Any CPU = Release|Any CPU
	EndGlobalSection
	GlobalSection(ProjectConfigurationPlatforms) = postSolution
		{A128B17E-B8CF-4A0C-8FA4-D0118AC50AA8}.Debug|Any CPU.ActiveCfg = Debug|Any CPU
		{A128B17E-B8CF-4A0C-8FA4-D0118AC50AA8}.Debug|Any CPU.Build.0 = Debug|Any CPU
		{A128B17E-B8CF-4A0C-8FA4-D0118AC50AA8}.Release|Any CPU.ActiveCfg = Release|Any CPU
		{A128B17E-B8CF-4A0C-8FA4-D0118AC50AA8}.Release|Any CPU.Build.0 = Release|Any CPU
	EndGlobalSection
	GlobalSection(SolutionProperties) = preSolution
		HideSolutionNode = FALSE
	EndGlobalSection
	GlobalSection(ExtensibilityGlobals) = postSolution
		SolutionGuid = {A813CEC0-3FF4-48A3-86B9-4D2EC9026544}
	EndGlobalSection
EndGlobal
